{
  "name": "public",
  "version": "1.0.0",
  "lockfileVersion": 1,
  "requires": true,
  "dependencies": {
    "jodit": {
      "version": "3.2.44",
      "resolved": "https://registry.npmjs.org/jodit/-/jodit-3.2.44.tgz",
      "integrity": "sha512-2rwOpQ18zqjjh+YRtuWcexGKYeR4hQo0ekxZsYNb8X0CQr2k6fkvjx48nITu4hzodFptfRXDPaJDIus2QeVE0Q=="
    }
  }
}
